
Microsoft Visual Studio Solution File, Format Version 12.00
# Visual Studio Version 17
VisualStudioVersion = 17.4.33205.214
MinimumVisualStudioVersion = 10.0.40219.1
Project("{FAE04EC0-301F-11D3-BF4B-00C04F79EFBC}") = "SchoolManagementDemo", "SchoolManagementDemo.csproj", "{FCD156D6-373D-4519-9F80-63971AB217F4}"
EndProject
Global
	GlobalSection(SolutionConfigurationPlatforms) = preSolution
		Debug|Any CPU = Debug|Any CPU
		Release|Any CPU = Release|Any CPU
	EndGlobalSection
	GlobalSection(ProjectConfigurationPlatforms) = postSolution
		{FCD156D6-373D-4519-9F80-63971AB217F4}.Debug|Any CPU.ActiveCfg = Debug|Any CPU
		{FCD156D6-373D-4519-9F80-63971AB217F4}.Debug|Any CPU.Build.0 = Debug|Any CPU
		{FCD156D6-373D-4519-9F80-63971AB217F4}.Release|Any CPU.ActiveCfg = Release|Any CPU
		{FCD156D6-373D-4519-9F80-63971AB217F4}.Release|Any CPU.Build.0 = Release|Any CPU
	EndGlobalSection
	GlobalSection(SolutionProperties) = preSolution
		HideSolutionNode = FALSE
	EndGlobalSection
	GlobalSection(ExtensibilityGlobals) = postSolution
		SolutionGuid = {6A7EADBE-37E8-4C91-81D9-FEF58378DAC2}
	EndGlobalSection
EndGlobal
